
Microsoft Visual Studio Solution File, Format Version 12.00
# Visual Studio Version 16
VisualStudioVersion = 16.0.30717.126
MinimumVisualStudioVersion = 10.0.40219.1
Project("{8BC9CEB8-8B4A-11D0-8D11-00A0C91BC942}") = "avoid'em", "avoid'em.vcxproj", "{E1820DDF-5554-47E2-A9BF-9B6140EF9BC6}"
EndProject
Global
	GlobalSection(SolutionConfigurationPlatforms) = preSolution
		Debug|x64 = Debug|x64
		Debug|x86 = Debug|x86
		Release|x64 = Release|x64
		Release|x86 = Release|x86
	EndGlobalSection
	GlobalSection(ProjectConfigurationPlatforms) = postSolution
		{E1820DDF-5554-47E2-A9BF-9B6140EF9BC6}.Debug|x64.ActiveCfg = Debug|x64
		{E1820DDF-5554-47E2-A9BF-9B6140EF9BC6}.Debug|x64.Build.0 = Debug|x64
		{E1820DDF-5554-47E2-A9BF-9B6140EF9BC6}.Debug|x86.ActiveCfg = Debug|Win32
		{E1820DDF-5554-47E2-A9BF-9B6140EF9BC6}.Debug|x86.Build.0 = Debug|Win32
		{E1820DDF-5554-47E2-A9BF-9B6140EF9BC6}.Release|x64.ActiveCfg = Release|x64
		{E1820DDF-5554-47E2-A9BF-9B6140EF9BC6}.Release|x64.Build.0 = Release|x64
		{E1820DDF-5554-47E2-A9BF-9B6140EF9BC6}.Release|x86.ActiveCfg = Release|Win32
		{E1820DDF-5554-47E2-A9BF-9B6140EF9BC6}.Release|x86.Build.0 = Release|Win32
	EndGlobalSection
	GlobalSection(SolutionProperties) = preSolution
		HideSolutionNode = FALSE
	EndGlobalSection
	GlobalSection(ExtensibilityGlobals) = postSolution
		SolutionGuid = {789E0140-5905-42FA-B6EF-69D62A80A173}
	EndGlobalSection
EndGlobal
